
Microsoft Visual Studio Solution File, Format Version 12.00
# Visual Studio 15
VisualStudioVersion = 15.0.28307.960
MinimumVisualStudioVersion = 10.0.40219.1
Project("{FAE04EC0-301F-11D3-BF4B-00C04F79EFBC}") = "TestOMatic2012", "TestOMatic2012\TestOMatic2012.csproj", "{C65C43B9-E9FA-408D-A016-280D6FC694EC}"
EndProject
Global
	GlobalSection(SolutionConfigurationPlatforms) = preSolution
		Debug|Any CPU = Debug|Any CPU
		Debug|x86 = Debug|x86
		Release|Any CPU = Release|Any CPU
		Release|x86 = Release|x86
	EndGlobalSection
	GlobalSection(ProjectConfigurationPlatforms) = postSolution
		{C65C43B9-E9FA-408D-A016-280D6FC694EC}.Debug|Any CPU.ActiveCfg = Debug|Any CPU
		{C65C43B9-E9FA-408D-A016-280D6FC694EC}.Debug|Any CPU.Build.0 = Debug|Any CPU
		{C65C43B9-E9FA-408D-A016-280D6FC694EC}.Debug|x86.ActiveCfg = Debug|Any CPU
		{C65C43B9-E9FA-408D-A016-280D6FC694EC}.Release|Any CPU.ActiveCfg = Release|Any CPU
		{C65C43B9-E9FA-408D-A016-280D6FC694EC}.Release|Any CPU.Build.0 = Release|Any CPU
		{C65C43B9-E9FA-408D-A016-280D6FC694EC}.Release|x86.ActiveCfg = Release|Any CPU
	EndGlobalSection
	GlobalSection(SolutionProperties) = preSolution
		HideSolutionNode = FALSE
	EndGlobalSection
	GlobalSection(ExtensibilityGlobals) = postSolution
		SolutionGuid = {30198F62-0903-4504-A0BA-4AAA5B158A37}
	EndGlobalSection
	GlobalSection(SourceCodeControl) = preSolution
		SccNumberOfProjects = 2
		SccLocalPath0 = .
		SccProjectUniqueName1 = TestOMatic2012\\TestOMatic2012.csproj
		SccProjectName1 = \u0022$/MBacon/TestOMatic2012/TestOMatic2012\u0022,\u0020SNZEAAAA
		SccLocalPath1 = TestOMatic2012
	EndGlobalSection
EndGlobal
